
Microsoft Visual Studio Solution File, Format Version 12.00
# Visual Studio Version 17
VisualStudioVersion = 17.14.36109.1 d17.14
MinimumVisualStudioVersion = 10.0.40219.1
Project("{FAE04EC0-301F-11D3-BF4B-00C04F79EFBC}") = "nColor", "nColor.csproj", "{A7F3D648-8F66-4013-B3BF-948B3484A12B}"
EndProject
Global
	GlobalSection(SolutionConfigurationPlatforms) = preSolution
		Debug|Any CPU = Debug|Any CPU
		Debug|ARM64 = Debug|ARM64
		Debug|x64 = Debug|x64
		Debug|x86 = Debug|x86
		Release|Any CPU = Release|Any CPU
		Release|ARM64 = Release|ARM64
		Release|x64 = Release|x64
		Release|x86 = Release|x86
	EndGlobalSection
	GlobalSection(ProjectConfigurationPlatforms) = postSolution
		{A7F3D648-8F66-4013-B3BF-948B3484A12B}.Debug|Any CPU.ActiveCfg = Debug|Any CPU
		{A7F3D648-8F66-4013-B3BF-948B3484A12B}.Debug|Any CPU.Build.0 = Debug|Any CPU
		{A7F3D648-8F66-4013-B3BF-948B3484A12B}.Debug|ARM64.ActiveCfg = Debug|ARM64
		{A7F3D648-8F66-4013-B3BF-948B3484A12B}.Debug|ARM64.Build.0 = Debug|ARM64
		{A7F3D648-8F66-4013-B3BF-948B3484A12B}.Debug|x64.ActiveCfg = Debug|x64
		{A7F3D648-8F66-4013-B3BF-948B3484A12B}.Debug|x64.Build.0 = Debug|x64
		{A7F3D648-8F66-4013-B3BF-948B3484A12B}.Debug|x86.ActiveCfg = Debug|x86
		{A7F3D648-8F66-4013-B3BF-948B3484A12B}.Debug|x86.Build.0 = Debug|x86
		{A7F3D648-8F66-4013-B3BF-948B3484A12B}.Release|Any CPU.ActiveCfg = Release|Any CPU
		{A7F3D648-8F66-4013-B3BF-948B3484A12B}.Release|Any CPU.Build.0 = Release|Any CPU
		{A7F3D648-8F66-4013-B3BF-948B3484A12B}.Release|ARM64.ActiveCfg = Release|ARM64
		{A7F3D648-8F66-4013-B3BF-948B3484A12B}.Release|ARM64.Build.0 = Release|ARM64
		{A7F3D648-8F66-4013-B3BF-948B3484A12B}.Release|x64.ActiveCfg = Release|x64
		{A7F3D648-8F66-4013-B3BF-948B3484A12B}.Release|x64.Build.0 = Release|x64
		{A7F3D648-8F66-4013-B3BF-948B3484A12B}.Release|x86.ActiveCfg = Release|Any CPU
		{A7F3D648-8F66-4013-B3BF-948B3484A12B}.Release|x86.Build.0 = Release|Any CPU
	EndGlobalSection
	GlobalSection(SolutionProperties) = preSolution
		HideSolutionNode = FALSE
	EndGlobalSection
	GlobalSection(ExtensibilityGlobals) = postSolution
		SolutionGuid = {858D16B9-A57E-4203-95EA-79CFB87D37B7}
	EndGlobalSection
EndGlobal
